
Microsoft Visual Studio Solution File, Format Version 12.00
# Visual Studio Version 17
VisualStudioVersion = 17.2.32602.215
MinimumVisualStudioVersion = 10.0.40219.1
Project("{FAE04EC0-301F-11D3-BF4B-00C04F79EFBC}") = "KafkaTestConsumer", "KafkaTestConsumer\KafkaTestConsumer.csproj", "{398DE971-3193-4131-A3CD-9265DD21FE0E}"
EndProject
Global
	GlobalSection(SolutionConfigurationPlatforms) = preSolution
		Debug|Any CPU = Debug|Any CPU
		Release|Any CPU = Release|Any CPU
	EndGlobalSection
	GlobalSection(ProjectConfigurationPlatforms) = postSolution
		{398DE971-3193-4131-A3CD-9265DD21FE0E}.Debug|Any CPU.ActiveCfg = Debug|Any CPU
		{398DE971-3193-4131-A3CD-9265DD21FE0E}.Debug|Any CPU.Build.0 = Debug|Any CPU
		{398DE971-3193-4131-A3CD-9265DD21FE0E}.Release|Any CPU.ActiveCfg = Release|Any CPU
		{398DE971-3193-4131-A3CD-9265DD21FE0E}.Release|Any CPU.Build.0 = Release|Any CPU
	EndGlobalSection
	GlobalSection(SolutionProperties) = preSolution
		HideSolutionNode = FALSE
	EndGlobalSection
	GlobalSection(ExtensibilityGlobals) = postSolution
		SolutionGuid = {E631B756-285F-48CD-9F90-AAA22502D8AE}
	EndGlobalSection
EndGlobal
